<?xml version="1.0" encoding="utf-8"?>
<Project ToolsVersion="4.0" xmlns="http://schemas.microsoft.com/developer/msbuild/2003">
  <ItemGroup>
    <Filter Include="Source Files">
      <UniqueIdentifier>{4FC737F1-C7A5-4376-A066-2A32D752A2FF}</UniqueIdentifier>
      <Extensions>cpp;c;cc;cxx;def;odl;idl;hpj;bat;asm;asmx</Extensions>
    </Filter>
    <Filter Include="Header Files">
      <UniqueIdentifier>{93995380-89BD-4b04-88EB-625FBE52EBFB}</UniqueIdentifier>
      <Extensions>h;hh;hpp;hxx;hm;inl;inc;xsd</Extensions>
    </Filter>
    <Filter Include="Resource Files">
      <UniqueIdentifier>{67DA6AB6-F800-4c08-8B7A-83BB121AAD01}</UniqueIdentifier>
      <Extensions>rc;ico;cur;bmp;dlg;rc2;rct;bin;rgs;gif;jpg;jpeg;jpe;resx;tiff;tif;png;wav;mfcribbon-ms</Extensions>
    </Filter>
  </ItemGroup>
  <ItemGroup>
    <Text Include="ReadMe.txt" />
  </ItemGroup>
  <ItemGroup>
    <ClInclude Include="console\dispatcher.h">
      <Filter>Header Files</Filter>
    </ClInclude>
    <ClInclude Include="framework\decoder.h">
      <Filter>Header Files</Filter>
    </ClInclude>
    <ClInclude Include="framework\featurespace.h">
      <Filter>Header Files</Filter>
    </ClInclude>
    <ClInclude Include="framework\frontend.h">
      <Filter>Header Files</Filter>
    </ClInclude>
    <ClInclude Include="framework\io.h">
      <Filter>Header Files</Filter>
    </ClInclude>
    <ClInclude Include="framework\model.h">
      <Filter>Header Files</Filter>
    </ClInclude>
    <ClInclude Include="framework\options.h">
      <Filter>Header Files</Filter>
    </ClInclude>
    <ClInclude Include="framework\parameter.h">
      <Filter>Header Files</Filter>
    </ClInclude>
    <ClInclude Include="framework\serializable.h">
      <Filter>Header Files</Filter>
    </ClInclude>
    <ClInclude Include="ner\decoder.h">
      <Filter>Header Files</Filter>
    </ClInclude>
    <ClInclude Include="ner\extractor.h">
      <Filter>Header Files</Filter>
    </ClInclude>
    <ClInclude Include="ner\instance.h">
      <Filter>Header Files</Filter>
    </ClInclude>
    <ClInclude Include="ner\io.h">
      <Filter>Header Files</Filter>
    </ClInclude>
    <ClInclude Include="ner\ner.h">
      <Filter>Header Files</Filter>
    </ClInclude>
    <ClInclude Include="ner\ner_dll.h">
      <Filter>Header Files</Filter>
    </ClInclude>
    <ClInclude Include="ner\ner_frontend.h">
      <Filter>Header Files</Filter>
    </ClInclude>
    <ClInclude Include="ner\options.h">
      <Filter>Header Files</Filter>
    </ClInclude>
    <ClInclude Include="ner\settings.h">
      <Filter>Header Files</Filter>
    </ClInclude>
    <ClInclude Include="parser\collections.h">
      <Filter>Header Files</Filter>
    </ClInclude>
    <ClInclude Include="parser\conllreader.h">
      <Filter>Header Files</Filter>
    </ClInclude>
    <ClInclude Include="parser\conllwriter.h">
      <Filter>Header Files</Filter>
    </ClInclude>
    <ClInclude Include="parser\debug.h">
      <Filter>Header Files</Filter>
    </ClInclude>
    <ClInclude Include="parser\decoder.h">
      <Filter>Header Files</Filter>
    </ClInclude>
    <ClInclude Include="parser\decoder1o.h">
      <Filter>Header Files</Filter>
    </ClInclude>
    <ClInclude Include="parser\decoder2o.h">
      <Filter>Header Files</Filter>
    </ClInclude>
    <ClInclude Include="parser\extractor.h">
      <Filter>Header Files</Filter>
    </ClInclude>
    <ClInclude Include="parser\featurespace.h">
      <Filter>Header Files</Filter>
    </ClInclude>
    <ClInclude Include="parser\featurevec.h">
      <Filter>Header Files</Filter>
    </ClInclude>
    <ClInclude Include="parser\instance.h">
      <Filter>Header Files</Filter>
    </ClInclude>
    <ClInclude Include="parser\model.h">
      <Filter>Header Files</Filter>
    </ClInclude>
    <ClInclude Include="parser\options.h">
      <Filter>Header Files</Filter>
    </ClInclude>
    <ClInclude Include="parser\parameters.h">
      <Filter>Header Files</Filter>
    </ClInclude>
    <ClInclude Include="parser\parser.h">
      <Filter>Header Files</Filter>
    </ClInclude>
    <ClInclude Include="parser\parser_dll.h">
      <Filter>Header Files</Filter>
    </ClInclude>
    <ClInclude Include="parser\settings.h">
      <Filter>Header Files</Filter>
    </ClInclude>
    <ClInclude Include="parser\treeutils.hpp">
      <Filter>Header Files</Filter>
    </ClInclude>
    <ClInclude Include="parser.n\classifier.h">
      <Filter>Header Files</Filter>
    </ClInclude>
    <ClInclude Include="parser.n\context.h">
      <Filter>Header Files</Filter>
    </ClInclude>
    <ClInclude Include="parser.n\instance.h">
      <Filter>Header Files</Filter>
    </ClInclude>
    <ClInclude Include="parser.n\io.h">
      <Filter>Header Files</Filter>
    </ClInclude>
    <ClInclude Include="parser.n\options.h">
      <Filter>Header Files</Filter>
    </ClInclude>
    <ClInclude Include="parser.n\parser.h">
      <Filter>Header Files</Filter>
    </ClInclude>
    <ClInclude Include="parser.n\parser_dll.h">
      <Filter>Header Files</Filter>
    </ClInclude>
    <ClInclude Include="parser.n\parser_frontend.h">
      <Filter>Header Files</Filter>
    </ClInclude>
    <ClInclude Include="parser.n\settings.h">
      <Filter>Header Files</Filter>
    </ClInclude>
    <ClInclude Include="parser.n\system.h">
      <Filter>Header Files</Filter>
    </ClInclude>
    <ClInclude Include="postagger\decoder.h">
      <Filter>Header Files</Filter>
    </ClInclude>
    <ClInclude Include="postagger\extractor.h">
      <Filter>Header Files</Filter>
    </ClInclude>
    <ClInclude Include="postagger\instance.h">
      <Filter>Header Files</Filter>
    </ClInclude>
    <ClInclude Include="postagger\io.h">
      <Filter>Header Files</Filter>
    </ClInclude>
    <ClInclude Include="postagger\options.h">
      <Filter>Header Files</Filter>
    </ClInclude>
    <ClInclude Include="postagger\postag_dll.h">
      <Filter>Header Files</Filter>
    </ClInclude>
    <ClInclude Include="postagger\postagger.h">
      <Filter>Header Files</Filter>
    </ClInclude>
    <ClInclude Include="postagger\postagger_frontend.h">
      <Filter>Header Files</Filter>
    </ClInclude>
    <ClInclude Include="postagger\settings.h">
      <Filter>Header Files</Filter>
    </ClInclude>
    <ClInclude Include="segmentor\customized_segmentor_frontend.h">
      <Filter>Header Files</Filter>
    </ClInclude>
    <ClInclude Include="segmentor\decoder.h">
      <Filter>Header Files</Filter>
    </ClInclude>
    <ClInclude Include="segmentor\extractor.h">
      <Filter>Header Files</Filter>
    </ClInclude>
    <ClInclude Include="segmentor\instance.h">
      <Filter>Header Files</Filter>
    </ClInclude>
    <ClInclude Include="segmentor\io.h">
      <Filter>Header Files</Filter>
    </ClInclude>
    <ClInclude Include="segmentor\model.h">
      <Filter>Header Files</Filter>
    </ClInclude>
    <ClInclude Include="segmentor\options.h">
      <Filter>Header Files</Filter>
    </ClInclude>
    <ClInclude Include="segmentor\partial_segmentation.h">
      <Filter>Header Files</Filter>
    </ClInclude>
    <ClInclude Include="segmentor\preprocessor.h">
      <Filter>Header Files</Filter>
    </ClInclude>
    <ClInclude Include="segmentor\segment_dll.h">
      <Filter>Header Files</Filter>
    </ClInclude>
    <ClInclude Include="segmentor\segmentor.h">
      <Filter>Header Files</Filter>
    </ClInclude>
    <ClInclude Include="segmentor\segmentor_frontend.h">
      <Filter>Header Files</Filter>
    </ClInclude>
    <ClInclude Include="segmentor\settings.h">
      <Filter>Header Files</Filter>
    </ClInclude>
    <ClInclude Include="segmentor\special_tokens.h">
      <Filter>Header Files</Filter>
    </ClInclude>
    <ClInclude Include="server\mongoose.h">
      <Filter>Header Files</Filter>
    </ClInclude>
    <ClInclude Include="splitsnt\SplitSentence.h">
      <Filter>Header Files</Filter>
    </ClInclude>
    <ClInclude Include="srl\common\config\ModelConf.h">
      <Filter>Header Files</Filter>
    </ClInclude>
    <ClInclude Include="srl\common\extractor\ConverterDataToSrlPiSample.h">
      <Filter>Header Files</Filter>
    </ClInclude>
    <ClInclude Include="srl\common\extractor\ConverterFileContextToWordEmb.h">
      <Filter>Header Files</Filter>
    </ClInclude>
    <ClInclude Include="srl\common\extractor\ExtractorFileToWordEmb.h">
      <Filter>Header Files</Filter>
    </ClInclude>
    <ClInclude Include="srl\common\model\AffineTransformModelBuilder.h">
      <Filter>Header Files</Filter>
    </ClInclude>
    <ClInclude Include="srl\common\model\BaseLabelModel.h">
      <Filter>Header Files</Filter>
    </ClInclude>
    <ClInclude Include="srl\common\model\BiRNNModelBuilder.h">
      <Filter>Header Files</Filter>
    </ClInclude>
    <ClInclude Include="srl\common\model\CNN1dLayerBuilder.h">
      <Filter>Header Files</Filter>
    </ClInclude>
    <ClInclude Include="srl\common\model\ConstLookupModelBuilder.h">
      <Filter>Header Files</Filter>
    </ClInclude>
    <ClInclude Include="srl\common\model\LabelModel.h">
      <Filter>Header Files</Filter>
    </ClInclude>
    <ClInclude Include="srl\common\model\LookupModelBuilder.h">
      <Filter>Header Files</Filter>
    </ClInclude>
    <ClInclude Include="srl\common\model\MLPModelBuilder.h">
      <Filter>Header Files</Filter>
    </ClInclude>
    <ClInclude Include="srl\common\model\ModelBuilder.h">
      <Filter>Header Files</Filter>
    </ClInclude>
    <ClInclude Include="srl\common\model\PiSrlModel.h">
      <Filter>Header Files</Filter>
    </ClInclude>
    <ClInclude Include="srl\common\model\RNNModelBuilder.h">
      <Filter>Header Files</Filter>
    </ClInclude>
    <ClInclude Include="srl\common\model\SeqLabelModel.h">
      <Filter>Header Files</Filter>
    </ClInclude>
    <ClInclude Include="srl\common\process\DynetPredictor.h">
      <Filter>Header Files</Filter>
    </ClInclude>
    <ClInclude Include="srl\common\process\DynetTrainer.h">
      <Filter>Header Files</Filter>
    </ClInclude>
    <ClInclude Include="srl\common\process\LabelModelSGDSeqPredictor.h">
      <Filter>Header Files</Filter>
    </ClInclude>
    <ClInclude Include="srl\common\process\LabelModelSGDSeqTrainer.h">
      <Filter>Header Files</Filter>
    </ClInclude>
    <ClInclude Include="srl\common\process\LabelModelSGDTrainer.h">
      <Filter>Header Files</Filter>
    </ClInclude>
    <ClInclude Include="srl\common\process\TrainStats.h">
      <Filter>Header Files</Filter>
    </ClInclude>
    <ClInclude Include="srl\common\structure\SrlPiSample.h">
      <Filter>Header Files</Filter>
    </ClInclude>
    <ClInclude Include="srl\common\structure\Word.h">
      <Filter>Header Files</Filter>
    </ClInclude>
    <ClInclude Include="srl\common\structure\WordEmbBuilder.h">
      <Filter>Header Files</Filter>
    </ClInclude>
    <ClInclude Include="srl\common\Const.h">
      <Filter>Header Files</Filter>
    </ClInclude>
    <ClInclude Include="srl\include\base\config.h">
      <Filter>Header Files</Filter>
    </ClInclude>
    <ClInclude Include="srl\include\base\debug.h">
      <Filter>Header Files</Filter>
    </ClInclude>
    <ClInclude Include="srl\include\base\process.h">
      <Filter>Header Files</Filter>
    </ClInclude>
    <ClInclude Include="srl\include\base\processLoader.h">
      <Filter>Header Files</Filter>
    </ClInclude>
    <ClInclude Include="srl\include\base\progressBar.h">
      <Filter>Header Files</Filter>
    </ClInclude>
    <ClInclude Include="srl\include\base\timer.h">
      <Filter>Header Files</Filter>
    </ClInclude>
    <ClInclude Include="srl\include\extractor\AbstractConverter.h">
      <Filter>Header Files</Filter>
    </ClInclude>
    <ClInclude Include="srl\include\extractor\AbstractExtractor.h">
      <Filter>Header Files</Filter>
    </ClInclude>
    <ClInclude Include="srl\include\extractor\BiConverter.h">
      <Filter>Header Files</Filter>
    </ClInclude>
    <ClInclude Include="srl\include\extractor\Converter.h">
      <Filter>Header Files</Filter>
    </ClInclude>
    <ClInclude Include="srl\include\extractor\ConverterBlockToConcept.h">
      <Filter>Header Files</Filter>
    </ClInclude>
    <ClInclude Include="srl\include\extractor\ConverterConceptToSample.h">
      <Filter>Header Files</Filter>
    </ClInclude>
    <ClInclude Include="srl\include\extractor\ConverterFileReader.h">
      <Filter>Header Files</Filter>
    </ClInclude>
    <ClInclude Include="srl\include\extractor\ConverterMultiLineFileReader.h">
      <Filter>Header Files</Filter>
    </ClInclude>
    <ClInclude Include="srl\include\extractor\Extractor.h">
      <Filter>Header Files</Filter>
    </ClInclude>
    <ClInclude Include="srl\include\extractor\ExtractorFileToSample.h">
      <Filter>Header Files</Filter>
    </ClInclude>
    <ClInclude Include="srl\include\model\LoopCounter.h">
      <Filter>Header Files</Filter>
    </ClInclude>
    <ClInclude Include="srl\include\model\Model.h">
      <Filter>Header Files</Filter>
    </ClInclude>
    <ClInclude Include="srl\include\model\RandomOrderMap.h">
      <Filter>Header Files</Filter>
    </ClInclude>
    <ClInclude Include="srl\include\process\AbstractPredictor.h">
      <Filter>Header Files</Filter>
    </ClInclude>
    <ClInclude Include="srl\include\process\AbstractTrainer.h">
      <Filter>Header Files</Filter>
    </ClInclude>
    <ClInclude Include="srl\include\process\ConditionStopper.h">
      <Filter>Header Files</Filter>
    </ClInclude>
    <ClInclude Include="srl\include\process\ModelPredictor.h">
      <Filter>Header Files</Filter>
    </ClInclude>
    <ClInclude Include="srl\include\process\ModelTester.h">
      <Filter>Header Files</Filter>
    </ClInclude>
    <ClInclude Include="srl\include\process\ModelTrainer.h">
      <Filter>Header Files</Filter>
    </ClInclude>
    <ClInclude Include="srl\include\structure\Data.h">
      <Filter>Header Files</Filter>
    </ClInclude>
    <ClInclude Include="srl\include\structure\DataConcept.h">
      <Filter>Header Files</Filter>
    </ClInclude>
    <ClInclude Include="srl\include\structure\DataFileBlockContext.h">
      <Filter>Header Files</Filter>
    </ClInclude>
    <ClInclude Include="srl\include\structure\DataFileContext.h">
      <Filter>Header Files</Filter>
    </ClInclude>
    <ClInclude Include="srl\include\structure\DataFileName.h">
      <Filter>Header Files</Filter>
    </ClInclude>
    <ClInclude Include="srl\include\structure\Performance.h">
      <Filter>Header Files</Filter>
    </ClInclude>
    <ClInclude Include="srl\include\structure\Prediction.h">
      <Filter>Header Files</Filter>
    </ClInclude>
    <ClInclude Include="srl\Pi\config\SrlPiConfig.h">
      <Filter>Header Files</Filter>
    </ClInclude>
    <ClInclude Include="srl\Pi\model\SrlPiModel.h">
      <Filter>Header Files</Filter>
    </ClInclude>
    <ClInclude Include="srl\Pi\process\PredSrlPi.h">
      <Filter>Header Files</Filter>
    </ClInclude>
    <ClInclude Include="srl\Pi\process\TrainSrlPi.h">
      <Filter>Header Files</Filter>
    </ClInclude>
    <ClInclude Include="srl\Srl\config\SrlSrlConfig.h">
      <Filter>Header Files</Filter>
    </ClInclude>
    <ClInclude Include="srl\Srl\model\SrlSrlModel.h">
      <Filter>Header Files</Filter>
    </ClInclude>
    <ClInclude Include="srl\Srl\process\PredSrlSrl.h">
      <Filter>Header Files</Filter>
    </ClInclude>
    <ClInclude Include="srl\Srl\process\TrainSrlSrl.h">
      <Filter>Header Files</Filter>
    </ClInclude>
    <ClInclude Include="srl\tool\config\ToolConf.h">
      <Filter>Header Files</Filter>
    </ClInclude>
    <ClInclude Include="srl\tool\process\merge.h">
      <Filter>Header Files</Filter>
    </ClInclude>
    <ClInclude Include="srl\DepSRL.h">
      <Filter>Header Files</Filter>
    </ClInclude>
    <ClInclude Include="srl\SRL_DLL.h">
      <Filter>Header Files</Filter>
    </ClInclude>
    <ClInclude Include="utils\math\fast_binned.h">
      <Filter>Header Files</Filter>
    </ClInclude>
    <ClInclude Include="utils\math\featurevec.h">
      <Filter>Header Files</Filter>
    </ClInclude>
    <ClInclude Include="utils\math\mat.h">
      <Filter>Header Files</Filter>
    </ClInclude>
    <ClInclude Include="utils\math\sparsevec.h">
      <Filter>Header Files</Filter>
    </ClInclude>
    <ClInclude Include="utils\cfgparser.hpp">
      <Filter>Header Files</Filter>
    </ClInclude>
    <ClInclude Include="utils\chartypes.hpp">
      <Filter>Header Files</Filter>
    </ClInclude>
    <ClInclude Include="utils\codecs.hpp">
      <Filter>Header Files</Filter>
    </ClInclude>
    <ClInclude Include="utils\hasher.hpp">
      <Filter>Header Files</Filter>
    </ClInclude>
    <ClInclude Include="utils\logging.hpp">
      <Filter>Header Files</Filter>
    </ClInclude>
    <ClInclude Include="utils\sbcdbc.hpp">
      <Filter>Header Files</Filter>
    </ClInclude>
    <ClInclude Include="utils\sentsplit.hpp">
      <Filter>Header Files</Filter>
    </ClInclude>
    <ClInclude Include="utils\smartmap.hpp">
      <Filter>Header Files</Filter>
    </ClInclude>
    <ClInclude Include="utils\spthread.hpp">
      <Filter>Header Files</Filter>
    </ClInclude>
    <ClInclude Include="utils\stringmap.hpp">
      <Filter>Header Files</Filter>
    </ClInclude>
    <ClInclude Include="utils\strpaste.hpp">
      <Filter>Header Files</Filter>
    </ClInclude>
    <ClInclude Include="utils\strutils.hpp">
      <Filter>Header Files</Filter>
    </ClInclude>
    <ClInclude Include="utils\strvec.hpp">
      <Filter>Header Files</Filter>
    </ClInclude>
    <ClInclude Include="utils\template.hpp">
      <Filter>Header Files</Filter>
    </ClInclude>
    <ClInclude Include="utils\time.hpp">
      <Filter>Header Files</Filter>
    </ClInclude>
    <ClInclude Include="utils\tinybitset.hpp">
      <Filter>Header Files</Filter>
    </ClInclude>
    <ClInclude Include="utils\unordered_map.hpp">
      <Filter>Header Files</Filter>
    </ClInclude>
    <ClInclude Include="utils\unordered_set.hpp">
      <Filter>Header Files</Filter>
    </ClInclude>
    <ClInclude Include="config.h">
      <Filter>Header Files</Filter>
    </ClInclude>
    <ClInclude Include="Ltp.h">
      <Filter>Header Files</Filter>
    </ClInclude>
    <ClInclude Include="LTPResource.h">
      <Filter>Header Files</Filter>
    </ClInclude>
  </ItemGroup>
  <ItemGroup>
    <ClCompile Include="console\cws_cmdline.cpp">
      <Filter>Source Files</Filter>
    </ClCompile>
    <ClCompile Include="console\ltp_test.cpp">
      <Filter>Source Files</Filter>
    </ClCompile>
    <ClCompile Include="console\ner_cmdline.cpp">
      <Filter>Source Files</Filter>
    </ClCompile>
    <ClCompile Include="console\par_cmdline.cpp">
      <Filter>Source Files</Filter>
    </ClCompile>
    <ClCompile Include="console\pos_cmdline.cpp">
      <Filter>Source Files</Filter>
    </ClCompile>
    <ClCompile Include="console\srl_cmdline.cpp">
      <Filter>Source Files</Filter>
    </ClCompile>
    <ClCompile Include="ner\decoder.cpp">
      <Filter>Source Files</Filter>
    </ClCompile>
    <ClCompile Include="ner\extractor.cpp">
      <Filter>Source Files</Filter>
    </ClCompile>
    <ClCompile Include="ner\io.cpp">
      <Filter>Source Files</Filter>
    </ClCompile>
    <ClCompile Include="ner\ner.cpp">
      <Filter>Source Files</Filter>
    </ClCompile>
    <ClCompile Include="ner\ner_dll.cpp">
      <Filter>Source Files</Filter>
    </ClCompile>
    <ClCompile Include="ner\ner_frontend.cpp">
      <Filter>Source Files</Filter>
    </ClCompile>
    <ClCompile Include="ner\options.cpp">
      <Filter>Source Files</Filter>
    </ClCompile>
    <ClCompile Include="ner\otner.cpp">
      <Filter>Source Files</Filter>
    </ClCompile>
    <ClCompile Include="parser\collections.cpp">
      <Filter>Source Files</Filter>
    </ClCompile>
    <ClCompile Include="parser\decoder1o.cpp">
      <Filter>Source Files</Filter>
    </ClCompile>
    <ClCompile Include="parser\decoder2o.cpp">
      <Filter>Source Files</Filter>
    </ClCompile>
    <ClCompile Include="parser\extractor.cpp">
      <Filter>Source Files</Filter>
    </ClCompile>
    <ClCompile Include="parser\featurespace.cpp">
      <Filter>Source Files</Filter>
    </ClCompile>
    <ClCompile Include="parser\lgdpj.cpp">
      <Filter>Source Files</Filter>
    </ClCompile>
    <ClCompile Include="parser\model.cpp">
      <Filter>Source Files</Filter>
    </ClCompile>
    <ClCompile Include="parser\options.cpp">
      <Filter>Source Files</Filter>
    </ClCompile>
    <ClCompile Include="parser\parser.cpp">
      <Filter>Source Files</Filter>
    </ClCompile>
    <ClCompile Include="parser\parser_dll.cpp">
      <Filter>Source Files</Filter>
    </ClCompile>
    <ClCompile Include="parser.n\classifier.cpp">
      <Filter>Source Files</Filter>
    </ClCompile>
    <ClCompile Include="parser.n\instance.cpp">
      <Filter>Source Files</Filter>
    </ClCompile>
    <ClCompile Include="parser.n\io.cpp">
      <Filter>Source Files</Filter>
    </ClCompile>
    <ClCompile Include="parser.n\main.cpp">
      <Filter>Source Files</Filter>
    </ClCompile>
    <ClCompile Include="parser.n\options.cpp">
      <Filter>Source Files</Filter>
    </ClCompile>
    <ClCompile Include="parser.n\parser.cpp">
      <Filter>Source Files</Filter>
    </ClCompile>
    <ClCompile Include="parser.n\parser_dll.cpp">
      <Filter>Source Files</Filter>
    </ClCompile>
    <ClCompile Include="parser.n\parser_frontend.cpp">
      <Filter>Source Files</Filter>
    </ClCompile>
    <ClCompile Include="parser.n\system.cpp">
      <Filter>Source Files</Filter>
    </ClCompile>
    <ClCompile Include="postagger\decoder.cpp">
      <Filter>Source Files</Filter>
    </ClCompile>
    <ClCompile Include="postagger\extractor.cpp">
      <Filter>Source Files</Filter>
    </ClCompile>
    <ClCompile Include="postagger\io.cpp">
      <Filter>Source Files</Filter>
    </ClCompile>
    <ClCompile Include="postagger\otpos.cpp">
      <Filter>Source Files</Filter>
    </ClCompile>
    <ClCompile Include="postagger\postag_dll.cpp">
      <Filter>Source Files</Filter>
    </ClCompile>
    <ClCompile Include="postagger\postagger.cpp">
      <Filter>Source Files</Filter>
    </ClCompile>
    <ClCompile Include="postagger\postagger_frontend.cpp">
      <Filter>Source Files</Filter>
    </ClCompile>
    <ClCompile Include="segmentor\customized_segmentor_frontend.cpp">
      <Filter>Source Files</Filter>
    </ClCompile>
    <ClCompile Include="segmentor\decoder.cpp">
      <Filter>Source Files</Filter>
    </ClCompile>
    <ClCompile Include="segmentor\extractor.cpp">
      <Filter>Source Files</Filter>
    </ClCompile>
    <ClCompile Include="segmentor\io.cpp">
      <Filter>Source Files</Filter>
    </ClCompile>
    <ClCompile Include="segmentor\model.cpp">
      <Filter>Source Files</Filter>
    </ClCompile>
    <ClCompile Include="segmentor\otcws.cpp">
      <Filter>Source Files</Filter>
    </ClCompile>
    <ClCompile Include="segmentor\partial_segmentation.cpp">
      <Filter>Source Files</Filter>
    </ClCompile>
    <ClCompile Include="segmentor\preprocessor.cpp">
      <Filter>Source Files</Filter>
    </ClCompile>
    <ClCompile Include="segmentor\segment_dll.cpp">
      <Filter>Source Files</Filter>
    </ClCompile>
    <ClCompile Include="segmentor\segmentor.cpp">
      <Filter>Source Files</Filter>
    </ClCompile>
    <ClCompile Include="segmentor\segmentor_frontend.cpp">
      <Filter>Source Files</Filter>
    </ClCompile>
    <ClCompile Include="server\ltp_server.cpp">
      <Filter>Source Files</Filter>
    </ClCompile>
    <ClCompile Include="server\mongoose.c">
      <Filter>Source Files</Filter>
    </ClCompile>
    <ClCompile Include="splitsnt\SplitSentence.cpp">
      <Filter>Source Files</Filter>
    </ClCompile>
    <ClCompile Include="srl\common\model\AffineTransformModelBuilder.cpp">
      <Filter>Source Files</Filter>
    </ClCompile>
    <ClCompile Include="srl\common\model\CNN1dLayerBuilder.cpp">
      <Filter>Source Files</Filter>
    </ClCompile>
    <ClCompile Include="srl\common\structure\SrlPiSample.cpp">
      <Filter>Source Files</Filter>
    </ClCompile>
    <ClCompile Include="srl\include\base\config.cpp">
      <Filter>Source Files</Filter>
    </ClCompile>
    <ClCompile Include="srl\include\base\debug.cpp">
      <Filter>Source Files</Filter>
    </ClCompile>
    <ClCompile Include="srl\include\extractor\ExtractorFileToSample.cpp">
      <Filter>Source Files</Filter>
    </ClCompile>
    <ClCompile Include="srl\Pi\process\PredSrlPi.cpp">
      <Filter>Source Files</Filter>
    </ClCompile>
    <ClCompile Include="srl\Pi\process\TrainSrlPi.cpp">
      <Filter>Source Files</Filter>
    </ClCompile>
    <ClCompile Include="srl\Pi\pred.cpp">
      <Filter>Source Files</Filter>
    </ClCompile>
    <ClCompile Include="srl\Pi\train.cpp">
      <Filter>Source Files</Filter>
    </ClCompile>
    <ClCompile Include="srl\Srl\model\SrlSrlModel.cpp">
      <Filter>Source Files</Filter>
    </ClCompile>
    <ClCompile Include="srl\Srl\process\PredSrlSrl.cpp">
      <Filter>Source Files</Filter>
    </ClCompile>
    <ClCompile Include="srl\Srl\process\TrainSrlSrl.cpp">
      <Filter>Source Files</Filter>
    </ClCompile>
    <ClCompile Include="srl\Srl\pred.cpp">
      <Filter>Source Files</Filter>
    </ClCompile>
    <ClCompile Include="srl\Srl\train.cpp">
      <Filter>Source Files</Filter>
    </ClCompile>
    <ClCompile Include="srl\tool\merge.cpp">
      <Filter>Source Files</Filter>
    </ClCompile>
    <ClCompile Include="srl\DepSRL.cpp">
      <Filter>Source Files</Filter>
    </ClCompile>
    <ClCompile Include="srl\SRL_DLL.cpp">
      <Filter>Source Files</Filter>
    </ClCompile>
    <ClCompile Include="unittest\model_validation.cpp">
      <Filter>Source Files</Filter>
    </ClCompile>
    <ClCompile Include="unittest\parser_unittest.cpp">
      <Filter>Source Files</Filter>
    </ClCompile>
    <ClCompile Include="unittest\postagger_internal_unittest.cpp">
      <Filter>Source Files</Filter>
    </ClCompile>
    <ClCompile Include="unittest\segmentor_unittest.cpp">
      <Filter>Source Files</Filter>
    </ClCompile>
    <ClCompile Include="unittest\srl_interface_unittest.cpp">
      <Filter>Source Files</Filter>
    </ClCompile>
    <ClCompile Include="unittest\unittest.cpp">
      <Filter>Source Files</Filter>
    </ClCompile>
    <ClCompile Include="unittest\utils_chartypes_unittest.cpp">
      <Filter>Source Files</Filter>
    </ClCompile>
    <ClCompile Include="unittest\utils_codecs_unittest.cpp">
      <Filter>Source Files</Filter>
    </ClCompile>
    <ClCompile Include="unittest\utils_sbcdbc_unittest.cpp">
      <Filter>Source Files</Filter>
    </ClCompile>
    <ClCompile Include="unittest\utils_sentsplit_unittest.cpp">
      <Filter>Source Files</Filter>
    </ClCompile>
    <ClCompile Include="unittest\utils_smartmap_unittest.cpp">
      <Filter>Source Files</Filter>
    </ClCompile>
    <ClCompile Include="unittest\utils_strpaste_unittest.cpp">
      <Filter>Source Files</Filter>
    </ClCompile>
    <ClCompile Include="unittest\utils_strutils_unittest.cpp">
      <Filter>Source Files</Filter>
    </ClCompile>
    <ClCompile Include="unittest\utils_template_unittest.cpp">
      <Filter>Source Files</Filter>
    </ClCompile>
    <ClCompile Include="unittest\utils_tinybitset_unittest.cpp">
      <Filter>Source Files</Filter>
    </ClCompile>
    <ClCompile Include="examples\cws.cpp">
      <Filter>Source Files</Filter>
    </ClCompile>
    <ClCompile Include="examples\ner.cpp">
      <Filter>Source Files</Filter>
    </ClCompile>
    <ClCompile Include="examples\par.cpp">
      <Filter>Source Files</Filter>
    </ClCompile>
    <ClCompile Include="examples\pos.cpp">
      <Filter>Source Files</Filter>
    </ClCompile>
    <ClCompile Include="examples\srl.cpp">
      <Filter>Source Files</Filter>
    </ClCompile>
    <ClCompile Include="Ltp.cpp">
      <Filter>Source Files</Filter>
    </ClCompile>
    <ClCompile Include="LTPResource.cpp">
      <Filter>Source Files</Filter>
    </ClCompile>
  </ItemGroup>
</Project>