
Microsoft Visual Studio Solution File, Format Version 12.00
# Visual Studio 14
VisualStudioVersion = 14.0.25420.1
MinimumVisualStudioVersion = 10.0.40219.1
Project("{FAE04EC0-301F-11D3-BF4B-00C04F79EFBC}") = "TreeTokenizor", "TreeTokenizor\TreeTokenizor.csproj", "{03D1A5D6-0C2D-404F-BD8A-6054259EE218}"
EndProject
Project("{FAE04EC0-301F-11D3-BF4B-00C04F79EFBC}") = "ParserUtil", "ParserUtil\ParserUtil.csproj", "{02D10102-7DF7-414E-B821-060C1EB30621}"
EndProject
Project("{FAE04EC0-301F-11D3-BF4B-00C04F79EFBC}") = "EasyFirstDepPar", "EasyFirstDepPar\EasyFirstDepPar.csproj", "{7AB44142-C537-471E-A567-139277601E89}"
EndProject
Project("{FAE04EC0-301F-11D3-BF4B-00C04F79EFBC}") = "EasyFirstDepParTraining", "EasyFirstDepParTraining\EasyFirstDepParTraining.csproj", "{8A0C2C6B-18D3-4862-9170-79A18ACB037A}"
EndProject
Project("{FAE04EC0-301F-11D3-BF4B-00C04F79EFBC}") = "LinearFunction", "LinearModel\LinearFunction.csproj", "{493D03C9-B293-4831-AFA2-8F4D29686003}"
EndProject
Project("{FAE04EC0-301F-11D3-BF4B-00C04F79EFBC}") = "NanYUtilityLib", "NanYUtilityLib\NanYUtilityLib.csproj", "{84B5A873-F294-4144-8D37-6BC3608EB591}"
EndProject
Project("{FAE04EC0-301F-11D3-BF4B-00C04F79EFBC}") = "AveragePerceptron", "AveragePerceptron\AveragePerceptron.csproj", "{E8B33E1F-154A-4533-B0B0-2CBD37A74F3F}"
EndProject
Project("{FAE04EC0-301F-11D3-BF4B-00C04F79EFBC}") = "DepParser", "DepParser\DepParser.csproj", "{4E2977C1-D9C4-4FA5-B3CD-807C07B2AA15}"
EndProject
Project("{FAE04EC0-301F-11D3-BF4B-00C04F79EFBC}") = "DepPar", "DepPar\DepPar.csproj", "{FE7ECDFC-DED8-4826-BFE8-57E2037E58F6}"
EndProject
Project("{FAE04EC0-301F-11D3-BF4B-00C04F79EFBC}") = "PoSTag", "PoSTag\PoSTag.csproj", "{C7B19B73-BFB1-48E0-B5F8-CED90F0F83A8}"
EndProject
Global
	GlobalSection(SolutionConfigurationPlatforms) = preSolution
		Debug|Any CPU = Debug|Any CPU
		Debug|x64 = Debug|x64
		Debug|x86 = Debug|x86
		Release|Any CPU = Release|Any CPU
		Release|x64 = Release|x64
		Release|x86 = Release|x86
	EndGlobalSection
	GlobalSection(ProjectConfigurationPlatforms) = postSolution
		{03D1A5D6-0C2D-404F-BD8A-6054259EE218}.Debug|Any CPU.ActiveCfg = Debug|Any CPU
		{03D1A5D6-0C2D-404F-BD8A-6054259EE218}.Debug|Any CPU.Build.0 = Debug|Any CPU
		{03D1A5D6-0C2D-404F-BD8A-6054259EE218}.Debug|x64.ActiveCfg = Debug|x64
		{03D1A5D6-0C2D-404F-BD8A-6054259EE218}.Debug|x64.Build.0 = Debug|x64
		{03D1A5D6-0C2D-404F-BD8A-6054259EE218}.Debug|x86.ActiveCfg = Debug|x86
		{03D1A5D6-0C2D-404F-BD8A-6054259EE218}.Debug|x86.Build.0 = Debug|x86
		{03D1A5D6-0C2D-404F-BD8A-6054259EE218}.Release|Any CPU.ActiveCfg = Release|Any CPU
		{03D1A5D6-0C2D-404F-BD8A-6054259EE218}.Release|Any CPU.Build.0 = Release|Any CPU
		{03D1A5D6-0C2D-404F-BD8A-6054259EE218}.Release|x64.ActiveCfg = Release|x64
		{03D1A5D6-0C2D-404F-BD8A-6054259EE218}.Release|x64.Build.0 = Release|x64
		{03D1A5D6-0C2D-404F-BD8A-6054259EE218}.Release|x86.ActiveCfg = Release|x86
		{03D1A5D6-0C2D-404F-BD8A-6054259EE218}.Release|x86.Build.0 = Release|x86
		{02D10102-7DF7-414E-B821-060C1EB30621}.Debug|Any CPU.ActiveCfg = Debug|Any CPU
		{02D10102-7DF7-414E-B821-060C1EB30621}.Debug|Any CPU.Build.0 = Debug|Any CPU
		{02D10102-7DF7-414E-B821-060C1EB30621}.Debug|x64.ActiveCfg = Debug|x64
		{02D10102-7DF7-414E-B821-060C1EB30621}.Debug|x64.Build.0 = Debug|x64
		{02D10102-7DF7-414E-B821-060C1EB30621}.Debug|x86.ActiveCfg = Debug|x86
		{02D10102-7DF7-414E-B821-060C1EB30621}.Debug|x86.Build.0 = Debug|x86
		{02D10102-7DF7-414E-B821-060C1EB30621}.Release|Any CPU.ActiveCfg = Release|Any CPU
		{02D10102-7DF7-414E-B821-060C1EB30621}.Release|Any CPU.Build.0 = Release|Any CPU
		{02D10102-7DF7-414E-B821-060C1EB30621}.Release|x64.ActiveCfg = Release|x64
		{02D10102-7DF7-414E-B821-060C1EB30621}.Release|x64.Build.0 = Release|x64
		{02D10102-7DF7-414E-B821-060C1EB30621}.Release|x86.ActiveCfg = Release|x86
		{02D10102-7DF7-414E-B821-060C1EB30621}.Release|x86.Build.0 = Release|x86
		{7AB44142-C537-471E-A567-139277601E89}.Debug|Any CPU.ActiveCfg = Debug|Any CPU
		{7AB44142-C537-471E-A567-139277601E89}.Debug|Any CPU.Build.0 = Debug|Any CPU
		{7AB44142-C537-471E-A567-139277601E89}.Debug|x64.ActiveCfg = Debug|x64
		{7AB44142-C537-471E-A567-139277601E89}.Debug|x64.Build.0 = Debug|x64
		{7AB44142-C537-471E-A567-139277601E89}.Debug|x86.ActiveCfg = Debug|x86
		{7AB44142-C537-471E-A567-139277601E89}.Debug|x86.Build.0 = Debug|x86
		{7AB44142-C537-471E-A567-139277601E89}.Release|Any CPU.ActiveCfg = Release|Any CPU
		{7AB44142-C537-471E-A567-139277601E89}.Release|Any CPU.Build.0 = Release|Any CPU
		{7AB44142-C537-471E-A567-139277601E89}.Release|x64.ActiveCfg = Release|x64
		{7AB44142-C537-471E-A567-139277601E89}.Release|x64.Build.0 = Release|x64
		{7AB44142-C537-471E-A567-139277601E89}.Release|x86.ActiveCfg = Release|x86
		{7AB44142-C537-471E-A567-139277601E89}.Release|x86.Build.0 = Release|x86
		{8A0C2C6B-18D3-4862-9170-79A18ACB037A}.Debug|Any CPU.ActiveCfg = Debug|Any CPU
		{8A0C2C6B-18D3-4862-9170-79A18ACB037A}.Debug|Any CPU.Build.0 = Debug|Any CPU
		{8A0C2C6B-18D3-4862-9170-79A18ACB037A}.Debug|x64.ActiveCfg = Debug|x64
		{8A0C2C6B-18D3-4862-9170-79A18ACB037A}.Debug|x64.Build.0 = Debug|x64
		{8A0C2C6B-18D3-4862-9170-79A18ACB037A}.Debug|x86.ActiveCfg = Debug|x86
		{8A0C2C6B-18D3-4862-9170-79A18ACB037A}.Debug|x86.Build.0 = Debug|x86
		{8A0C2C6B-18D3-4862-9170-79A18ACB037A}.Release|Any CPU.ActiveCfg = Release|Any CPU
		{8A0C2C6B-18D3-4862-9170-79A18ACB037A}.Release|Any CPU.Build.0 = Release|Any CPU
		{8A0C2C6B-18D3-4862-9170-79A18ACB037A}.Release|x64.ActiveCfg = Release|x64
		{8A0C2C6B-18D3-4862-9170-79A18ACB037A}.Release|x64.Build.0 = Release|x64
		{8A0C2C6B-18D3-4862-9170-79A18ACB037A}.Release|x86.ActiveCfg = Release|x86
		{8A0C2C6B-18D3-4862-9170-79A18ACB037A}.Release|x86.Build.0 = Release|x86
		{493D03C9-B293-4831-AFA2-8F4D29686003}.Debug|Any CPU.ActiveCfg = Debug|Any CPU
		{493D03C9-B293-4831-AFA2-8F4D29686003}.Debug|Any CPU.Build.0 = Debug|Any CPU
		{493D03C9-B293-4831-AFA2-8F4D29686003}.Debug|x64.ActiveCfg = Debug|x64
		{493D03C9-B293-4831-AFA2-8F4D29686003}.Debug|x64.Build.0 = Debug|x64
		{493D03C9-B293-4831-AFA2-8F4D29686003}.Debug|x86.ActiveCfg = Debug|x86
		{493D03C9-B293-4831-AFA2-8F4D29686003}.Debug|x86.Build.0 = Debug|x86
		{493D03C9-B293-4831-AFA2-8F4D29686003}.Release|Any CPU.ActiveCfg = Release|Any CPU
		{493D03C9-B293-4831-AFA2-8F4D29686003}.Release|Any CPU.Build.0 = Release|Any CPU
		{493D03C9-B293-4831-AFA2-8F4D29686003}.Release|x64.ActiveCfg = Release|x64
		{493D03C9-B293-4831-AFA2-8F4D29686003}.Release|x64.Build.0 = Release|x64
		{493D03C9-B293-4831-AFA2-8F4D29686003}.Release|x86.ActiveCfg = Release|x86
		{493D03C9-B293-4831-AFA2-8F4D29686003}.Release|x86.Build.0 = Release|x86
		{84B5A873-F294-4144-8D37-6BC3608EB591}.Debug|Any CPU.ActiveCfg = Debug|Any CPU
		{84B5A873-F294-4144-8D37-6BC3608EB591}.Debug|Any CPU.Build.0 = Debug|Any CPU
		{84B5A873-F294-4144-8D37-6BC3608EB591}.Debug|x64.ActiveCfg = Debug|x64
		{84B5A873-F294-4144-8D37-6BC3608EB591}.Debug|x64.Build.0 = Debug|x64
		{84B5A873-F294-4144-8D37-6BC3608EB591}.Debug|x86.ActiveCfg = Debug|Any CPU
		{84B5A873-F294-4144-8D37-6BC3608EB591}.Debug|x86.Build.0 = Debug|Any CPU
		{84B5A873-F294-4144-8D37-6BC3608EB591}.Release|Any CPU.ActiveCfg = Release|Any CPU
		{84B5A873-F294-4144-8D37-6BC3608EB591}.Release|Any CPU.Build.0 = Release|Any CPU
		{84B5A873-F294-4144-8D37-6BC3608EB591}.Release|x64.ActiveCfg = Release|x64
		{84B5A873-F294-4144-8D37-6BC3608EB591}.Release|x64.Build.0 = Release|x64
		{84B5A873-F294-4144-8D37-6BC3608EB591}.Release|x86.ActiveCfg = Release|Any CPU
		{84B5A873-F294-4144-8D37-6BC3608EB591}.Release|x86.Build.0 = Release|Any CPU
		{E8B33E1F-154A-4533-B0B0-2CBD37A74F3F}.Debug|Any CPU.ActiveCfg = Debug|Any CPU
		{E8B33E1F-154A-4533-B0B0-2CBD37A74F3F}.Debug|Any CPU.Build.0 = Debug|Any CPU
		{E8B33E1F-154A-4533-B0B0-2CBD37A74F3F}.Debug|x64.ActiveCfg = Debug|x64
		{E8B33E1F-154A-4533-B0B0-2CBD37A74F3F}.Debug|x64.Build.0 = Debug|x64
		{E8B33E1F-154A-4533-B0B0-2CBD37A74F3F}.Debug|x86.ActiveCfg = Debug|x86
		{E8B33E1F-154A-4533-B0B0-2CBD37A74F3F}.Debug|x86.Build.0 = Debug|x86
		{E8B33E1F-154A-4533-B0B0-2CBD37A74F3F}.Release|Any CPU.ActiveCfg = Release|Any CPU
		{E8B33E1F-154A-4533-B0B0-2CBD37A74F3F}.Release|Any CPU.Build.0 = Release|Any CPU
		{E8B33E1F-154A-4533-B0B0-2CBD37A74F3F}.Release|x64.ActiveCfg = Release|x64
		{E8B33E1F-154A-4533-B0B0-2CBD37A74F3F}.Release|x64.Build.0 = Release|x64
		{E8B33E1F-154A-4533-B0B0-2CBD37A74F3F}.Release|x86.ActiveCfg = Release|x86
		{E8B33E1F-154A-4533-B0B0-2CBD37A74F3F}.Release|x86.Build.0 = Release|x86
		{4E2977C1-D9C4-4FA5-B3CD-807C07B2AA15}.Debug|Any CPU.ActiveCfg = Debug|Any CPU
		{4E2977C1-D9C4-4FA5-B3CD-807C07B2AA15}.Debug|Any CPU.Build.0 = Debug|Any CPU
		{4E2977C1-D9C4-4FA5-B3CD-807C07B2AA15}.Debug|x64.ActiveCfg = Debug|Any CPU
		{4E2977C1-D9C4-4FA5-B3CD-807C07B2AA15}.Debug|x64.Build.0 = Debug|Any CPU
		{4E2977C1-D9C4-4FA5-B3CD-807C07B2AA15}.Debug|x86.ActiveCfg = Debug|Any CPU
		{4E2977C1-D9C4-4FA5-B3CD-807C07B2AA15}.Debug|x86.Build.0 = Debug|Any CPU
		{4E2977C1-D9C4-4FA5-B3CD-807C07B2AA15}.Release|Any CPU.ActiveCfg = Release|Any CPU
		{4E2977C1-D9C4-4FA5-B3CD-807C07B2AA15}.Release|Any CPU.Build.0 = Release|Any CPU
		{4E2977C1-D9C4-4FA5-B3CD-807C07B2AA15}.Release|x64.ActiveCfg = Release|Any CPU
		{4E2977C1-D9C4-4FA5-B3CD-807C07B2AA15}.Release|x64.Build.0 = Release|Any CPU
		{4E2977C1-D9C4-4FA5-B3CD-807C07B2AA15}.Release|x86.ActiveCfg = Release|Any CPU
		{4E2977C1-D9C4-4FA5-B3CD-807C07B2AA15}.Release|x86.Build.0 = Release|Any CPU
		{FE7ECDFC-DED8-4826-BFE8-57E2037E58F6}.Debug|Any CPU.ActiveCfg = Debug|Any CPU
		{FE7ECDFC-DED8-4826-BFE8-57E2037E58F6}.Debug|Any CPU.Build.0 = Debug|Any CPU
		{FE7ECDFC-DED8-4826-BFE8-57E2037E58F6}.Debug|x64.ActiveCfg = Debug|x64
		{FE7ECDFC-DED8-4826-BFE8-57E2037E58F6}.Debug|x64.Build.0 = Debug|x64
		{FE7ECDFC-DED8-4826-BFE8-57E2037E58F6}.Debug|x86.ActiveCfg = Debug|x86
		{FE7ECDFC-DED8-4826-BFE8-57E2037E58F6}.Debug|x86.Build.0 = Debug|x86
		{FE7ECDFC-DED8-4826-BFE8-57E2037E58F6}.Release|Any CPU.ActiveCfg = Release|Any CPU
		{FE7ECDFC-DED8-4826-BFE8-57E2037E58F6}.Release|Any CPU.Build.0 = Release|Any CPU
		{FE7ECDFC-DED8-4826-BFE8-57E2037E58F6}.Release|x64.ActiveCfg = Release|x64
		{FE7ECDFC-DED8-4826-BFE8-57E2037E58F6}.Release|x64.Build.0 = Release|x64
		{FE7ECDFC-DED8-4826-BFE8-57E2037E58F6}.Release|x86.ActiveCfg = Release|x86
		{FE7ECDFC-DED8-4826-BFE8-57E2037E58F6}.Release|x86.Build.0 = Release|x86
		{C7B19B73-BFB1-48E0-B5F8-CED90F0F83A8}.Debug|Any CPU.ActiveCfg = Debug|Any CPU
		{C7B19B73-BFB1-48E0-B5F8-CED90F0F83A8}.Debug|Any CPU.Build.0 = Debug|Any CPU
		{C7B19B73-BFB1-48E0-B5F8-CED90F0F83A8}.Debug|x64.ActiveCfg = Debug|x64
		{C7B19B73-BFB1-48E0-B5F8-CED90F0F83A8}.Debug|x64.Build.0 = Debug|x64
		{C7B19B73-BFB1-48E0-B5F8-CED90F0F83A8}.Debug|x86.ActiveCfg = Debug|x86
		{C7B19B73-BFB1-48E0-B5F8-CED90F0F83A8}.Debug|x86.Build.0 = Debug|x86
		{C7B19B73-BFB1-48E0-B5F8-CED90F0F83A8}.Release|Any CPU.ActiveCfg = Release|Any CPU
		{C7B19B73-BFB1-48E0-B5F8-CED90F0F83A8}.Release|Any CPU.Build.0 = Release|Any CPU
		{C7B19B73-BFB1-48E0-B5F8-CED90F0F83A8}.Release|x64.ActiveCfg = Release|x64
		{C7B19B73-BFB1-48E0-B5F8-CED90F0F83A8}.Release|x64.Build.0 = Release|x64
		{C7B19B73-BFB1-48E0-B5F8-CED90F0F83A8}.Release|x86.ActiveCfg = Release|x86
		{C7B19B73-BFB1-48E0-B5F8-CED90F0F83A8}.Release|x86.Build.0 = Release|x86
	EndGlobalSection
	GlobalSection(SolutionProperties) = preSolution
		HideSolutionNode = FALSE
	EndGlobalSection
EndGlobal
